
Microsoft Visual Studio Solution File, Format Version 12.00
# Visual Studio 15
VisualStudioVersion = 15.0.27004.2010
MinimumVisualStudioVersion = 10.0.40219.1
Project("{FAE04EC0-301F-11D3-BF4B-00C04F79EFBC}") = "AccessDBLearn", "AccessDBLearn\AccessDBLearn.csproj", "{8F0ED62F-7EA2-4BD2-8B70-AD67648C3038}"
EndProject
Global
	GlobalSection(SolutionConfigurationPlatforms) = preSolution
		Debug|Any CPU = Debug|Any CPU
		Release|Any CPU = Release|Any CPU
	EndGlobalSection
	GlobalSection(ProjectConfigurationPlatforms) = postSolution
		{8F0ED62F-7EA2-4BD2-8B70-AD67648C3038}.Debug|Any CPU.ActiveCfg = Debug|Any CPU
		{8F0ED62F-7EA2-4BD2-8B70-AD67648C3038}.Debug|Any CPU.Build.0 = Debug|Any CPU
		{8F0ED62F-7EA2-4BD2-8B70-AD67648C3038}.Release|Any CPU.ActiveCfg = Release|Any CPU
		{8F0ED62F-7EA2-4BD2-8B70-AD67648C3038}.Release|Any CPU.Build.0 = Release|Any CPU
	EndGlobalSection
	GlobalSection(SolutionProperties) = preSolution
		HideSolutionNode = FALSE
	EndGlobalSection
	GlobalSection(ExtensibilityGlobals) = postSolution
		SolutionGuid = {5B6C7B63-2E71-4F1B-B1BB-BAAB6D1C4973}
	EndGlobalSection
EndGlobal
